
Microsoft Visual Studio Solution File, Format Version 12.00
# Visual Studio 15
VisualStudioVersion = 15.0.28307.572
MinimumVisualStudioVersion = 10.0.40219.1
Project("{9A19103F-16F7-4668-BE54-9A1E7A4F7556}") = "Accounts", "Accounts\Accounts.csproj", "{257373BD-31CF-439D-9FFA-842142821074}"
EndProject
Project("{9A19103F-16F7-4668-BE54-9A1E7A4F7556}") = "Accounts.Tests", "Accounts.Tests\Accounts.Tests.csproj", "{2C9BD2C2-9902-4EFD-B49B-D4ED8CBCF4C0}"
EndProject
Global
	GlobalSection(SolutionConfigurationPlatforms) = preSolution
		Debug|Any CPU = Debug|Any CPU
		Release|Any CPU = Release|Any CPU
	EndGlobalSection
	GlobalSection(ProjectConfigurationPlatforms) = postSolution
		{257373BD-31CF-439D-9FFA-842142821074}.Debug|Any CPU.ActiveCfg = Debug|Any CPU
		{257373BD-31CF-439D-9FFA-842142821074}.Debug|Any CPU.Build.0 = Debug|Any CPU
		{257373BD-31CF-439D-9FFA-842142821074}.Release|Any CPU.ActiveCfg = Release|Any CPU
		{257373BD-31CF-439D-9FFA-842142821074}.Release|Any CPU.Build.0 = Release|Any CPU
		{2C9BD2C2-9902-4EFD-B49B-D4ED8CBCF4C0}.Debug|Any CPU.ActiveCfg = Debug|Any CPU
		{2C9BD2C2-9902-4EFD-B49B-D4ED8CBCF4C0}.Debug|Any CPU.Build.0 = Debug|Any CPU
		{2C9BD2C2-9902-4EFD-B49B-D4ED8CBCF4C0}.Release|Any CPU.ActiveCfg = Release|Any CPU
		{2C9BD2C2-9902-4EFD-B49B-D4ED8CBCF4C0}.Release|Any CPU.Build.0 = Release|Any CPU
	EndGlobalSection
	GlobalSection(SolutionProperties) = preSolution
		HideSolutionNode = FALSE
	EndGlobalSection
	GlobalSection(ExtensibilityGlobals) = postSolution
		SolutionGuid = {A34AB002-C1A0-4B30-BEEF-73482880029B}
	EndGlobalSection
EndGlobal
