
Microsoft Visual Studio Solution File, Format Version 12.00
# Visual Studio 15
VisualStudioVersion = 15.0.28307.421
MinimumVisualStudioVersion = 10.0.40219.1
Project("{9A19103F-16F7-4668-BE54-9A1E7A4F7556}") = "L14_HW1_solution", "L14_HW1_solution\L14_HW1_solution.csproj", "{5F85B482-95E5-4941-A856-C922A40CADDD}"
EndProject
Global
	GlobalSection(SolutionConfigurationPlatforms) = preSolution
		Debug|Any CPU = Debug|Any CPU
		Release|Any CPU = Release|Any CPU
	EndGlobalSection
	GlobalSection(ProjectConfigurationPlatforms) = postSolution
		{5F85B482-95E5-4941-A856-C922A40CADDD}.Debug|Any CPU.ActiveCfg = Debug|Any CPU
		{5F85B482-95E5-4941-A856-C922A40CADDD}.Debug|Any CPU.Build.0 = Debug|Any CPU
		{5F85B482-95E5-4941-A856-C922A40CADDD}.Release|Any CPU.ActiveCfg = Release|Any CPU
		{5F85B482-95E5-4941-A856-C922A40CADDD}.Release|Any CPU.Build.0 = Release|Any CPU
	EndGlobalSection
	GlobalSection(SolutionProperties) = preSolution
		HideSolutionNode = FALSE
	EndGlobalSection
	GlobalSection(ExtensibilityGlobals) = postSolution
		SolutionGuid = {A9C8CBF4-FBD9-4404-A173-C64041F09F5F}
	EndGlobalSection
EndGlobal
